{
  "version": "5",
  "specifiers": {
    "jsr:@std/assert@^1.0.19": "1.0.19",
    "jsr:@std/internal@^1.0.12": "1.0.14",
    "jsr:@viviengraffin/translation-core@^2.0.2": "2.0.2",
    "npm:@vue/runtime-core@^3.5.43": "3.5.43",
    "npm:happy-dom@^20.14.5": "20.14.5",
    "npm:vue@^3.5.43": "3.5.43"
  },
  "jsr": {
    "@std/assert@1.0.19": {
      "integrity": "eaada96ee120cb980bc47e040f82814d786fe8162ecc53c91d8df60b8755991e",
      "dependencies": [
        "jsr:@std/internal"
      ]
    },
    "@std/internal@1.0.14": {
      "integrity": "291516b3d4c35024d6ffbc0a9df5bf4c64116e05b50012cf846710152d2ffdf7"
    },
    "@viviengraffin/translation-core@2.0.2": {
      "integrity": "c4da67847a9f5a18d003c4c8320e51be8155fc165e8fdef7939e1e375fde8ffd"
    }
  },
  "npm": {
    "@babel/helper-string-parser@7.29.7": {
      "integrity": "sha512-Pb5ijPrZ89GDH8223L4UP8i6QApWxs04RbPQJTeWDV0/keR2E36MeKnyr6LYmUUvqRRI+Iv87SuF1W6ErINzYw=="
    },
    "@babel/helper-validator-identifier@7.29.7": {
      "integrity": "sha512-qehxGkRj55h/ff8EMaJ+cYhyaKlHIxqYDn682wQD7RNp9UujOQsHog2uS0r2vzr4pW+sXf90NeeayjcNaX3fFg=="
    },
    "@babel/parser@7.29.9": {
      "integrity": "sha512-CjXrNHTnvqBVqHgdBysY3vk2T8tpJHb5/RMeHJBTyVa9xgugCB0CJTx/3oO8RV2QRQP391RWpB7D6hLjm8V9uA==",
      "dependencies": [
        "@babel/types"
      ],
      "bin": true
    },
    "@babel/types@7.29.8": {
      "integrity": "sha512-Vj1jF3cPfxg7OAfoI7QnVKLoILlm2JF9pnVHrX8qx7AHMiYWT+NDAA7jChlNgRS4WTLc/fD1lXLmPixluj+3Gg==",
      "dependencies": [
        "@babel/helper-string-parser",
        "@babel/helper-validator-identifier"
      ]
    },
    "@jridgewell/sourcemap-codec@1.6.0": {
      "integrity": "sha512-T7jf+5zgsZHwNJ4lvQ7/aezbyk0nNX+zJVWpmHA7VYsEx7a7qr5Rg5IbtJFqkgze5Y2sruq1RUY8Q837Od7iFw=="
    },
    "@types/node@26.6.2": {
      "integrity": "sha512-X1P21scMv4zGKLYqjdGjaKa7COa0RKVYYZZN/NfvLQ1JegxFhdhpZG/Lyn8AXx6CDUavKAd11v6BvfpkDByK8g==",
      "dependencies": [
        "undici-types"
      ]
    },
    "@types/whatwg-mimetype@3.0.2": {
      "integrity": "sha512-c2AKvDT8ToxLIOUlN51gTiHXflsfIFisS4pO7pDPoKouJCESkhZnEy623gwP9laCy5lnLDAw1vAzu2vM2YLOrA=="
    },
    "@types/ws@8.18.1": {
      "integrity": "sha512-ThVF6DCVhA8kUGy+aazFQ4kXQ7E1Ty7A3ypFOe0IcJV8O/M511G99AW24irKrW56Wt44yG9+ij8FaqoBGkuBXg==",
      "dependencies": [
        "@types/node"
      ]
    },
    "@vue/compiler-core@3.5.43": {
      "integrity": "sha512-zdiLhnbe1QQqgDT8xZMpNmyqZ3qlI+/Q/FHQco57Kwl/b05HhCzN6eVGN9QU9rbga4CrS0H5SYY8VGHZCt/1Hg==",
      "dependencies": [
        "@babel/parser",
        "@vue/shared",
        "entities",
        "estree-walker",
        "source-map-js"
      ]
    },
    "@vue/compiler-dom@3.5.43": {
      "integrity": "sha512-PEZoAk3NQmsn/ejMzSOCyTYqwGqczrWm70PuhBKjjv1+TCoQAaO/zOqNwjV+honlNstT5ILxtc+8r8UUfj+iEQ==",
      "dependencies": [
        "@vue/compiler-core",
        "@vue/shared"
      ]
    },
    "@vue/compiler-sfc@3.5.43": {
      "integrity": "sha512-FCbrG3XNCRl+js3huuKx4IVHBLTvMkJhVepjbxSPu1gn4yWLaYtGNQdjJGZaMytXB6qb76qQDDmDSLy/vkmleQ==",
      "dependencies": [
        "@babel/parser",
        "@vue/compiler-core",
        "@vue/compiler-dom",
        "@vue/compiler-ssr",
        "@vue/shared",
        "estree-walker",
        "magic-string",
        "postcss",
        "source-map-js"
      ]
    },
    "@vue/compiler-ssr@3.5.43": {
      "integrity": "sha512-GF62orf7KiJX9RqrHNGrYBudsQGD0OhJ5nDs90O8UiDuS40+YMYomiXu6w6EuvtXuRDc3MSNis3EaaSKAVSWpg==",
      "dependencies": [
        "@vue/compiler-dom",
        "@vue/shared"
      ]
    },
    "@vue/reactivity@3.5.43": {
      "integrity": "sha512-G/c9GyOZNI2jVaaS6OX1EF1SSFSv7H0ERqNTl4+DTFMlZmB5eVAB53aLQNam/7NL2NPtaDD7RdVrzf8uJzMuOA==",
      "dependencies": [
        "@vue/shared"
      ]
    },
    "@vue/runtime-core@3.5.43": {
      "integrity": "sha512-hU6U6VnVhBGQDpvlnnDlIB8ZGJBiOcgk2lh/0InltHiz3D8oSkluvuvY+do1G2H3+udeKFsmaBlgVYP7gXQzEw==",
      "dependencies": [
        "@vue/reactivity",
        "@vue/shared"
      ]
    },
    "@vue/runtime-dom@3.5.43": {
      "integrity": "sha512-Bb2Jc0YjjJdMt1SJmb9b2L/IWd3I8lIT9x9eS/xvvP9CiVgna0ffua74xKRmt4/uSJ+0r4iN8ex1jrqkhQGWQw==",
      "dependencies": [
        "@vue/reactivity",
        "@vue/runtime-core",
        "@vue/shared",
        "csstype"
      ]
    },
    "@vue/server-renderer@3.5.43": {
      "integrity": "sha512-l2Ygjv9NehV94PSBxNWsAHC0j/eIIKbn92mBuWXAPGLnn6HfJ6MH5ubsd+Nk0YoZ5FRuxWI1P2VSoh+dbPQhCQ==",
      "dependencies": [
        "@vue/compiler-ssr",
        "@vue/runtime-dom",
        "@vue/shared"
      ]
    },
    "@vue/shared@3.5.43": {
      "integrity": "sha512-uksS7YGMR5NZyr4JNq0Rp+QyLns0ueaz20KwzIPW9R0LH1Vnt4E+XUM29PNseEbf1www2gOuhuDi5AKOIXag9Q=="
    },
    "buffer-image-size@0.6.4": {
      "integrity": "sha512-nEh+kZOPY1w+gcCMobZ6ETUp9WfibndnosbpwB1iJk/8Gt5ZF2bhS6+B6bPYz424KtwsR6Rflc3tCz1/ghX2dQ==",
      "dependencies": [
        "@types/node"
      ]
    },
    "csstype@3.2.3": {
      "integrity": "sha512-z1HGKcYy2xA8AGQfwrn0PAy+PB7X/GSj3UVJW9qKyn43xWa+gl5nXmU4qqLMRzWVLFC8KusUX8T/0kCiOYpAIQ=="
    },
    "entities@7.0.1": {
      "integrity": "sha512-TWrgLOFUQTH994YUyl1yT4uyavY5nNB5muff+RtWaqNVCAK408b5ZnnbNAUEWLTCpum9w6arT70i1XdQ4UeOPA=="
    },
    "estree-walker@2.0.2": {
      "integrity": "sha512-Rfkk/Mp/DL7JVje3u18FxFujQlTNR2q6QfMSMB7AvCBx91NGj/ba3kCfza0f6dVDbw7YlRf/nDrn7pQrCCyQ/w=="
    },
    "happy-dom@20.14.5": {
      "integrity": "sha512-x/RzkpWO40bTjIoT30iQtt64FLLmH/iRcUCN2X//bLx7H3ifkdfPXyqsro/OYtqzIAhiLMMA7mmiOR9C3NOKjQ==",
      "dependencies": [
        "@types/node",
        "@types/whatwg-mimetype",
        "@types/ws",
        "buffer-image-size",
        "entities",
        "whatwg-mimetype",
        "ws"
      ]
    },
    "magic-string@0.30.21": {
      "integrity": "sha512-vd2F4YUyEXKGcLHoq+TEyCjxueSeHnFxyyjNp80yg0XV4vUhnDer/lvvlqM/arB5bXQN5K2/3oinyCRyx8T2CQ==",
      "dependencies": [
        "@jridgewell/sourcemap-codec"
      ]
    },
    "nanoid@3.3.19": {
      "integrity": "sha512-Y2tUNy4ouw6tq5oDSKeQYGOyhkUBhNOcGV/02KC+6kd9eDGqdZd++mjMiIDilrBYvjEnCYvVtsuHCuP+okSfug==",
      "bin": true
    },
    "picocolors@1.1.1": {
      "integrity": "sha512-xceH2snhtb5M9liqDsmEw56le376mTZkEX/jEb/RxNFyegNul7eNslCXP9FDj/Lcu0X8KEyMceP2ntpaHrDEVA=="
    },
    "postcss@8.5.28": {
      "integrity": "sha512-RRuzqDtt5Y9h3quz5hWhK+TPnsmVs6WwSU6LkJMeY4HstUEDuYTG8UJSdawMRzmzAtV+KEoG8N3Qg2qLy5vM/A==",
      "dependencies": [
        "nanoid",
        "picocolors",
        "source-map-js"
      ]
    },
    "source-map-js@1.2.1": {
      "integrity": "sha512-UXWMKhLOwVKb728IUtQPXxfYU+usdybtUrK/8uGE8CQMvrhOpwvzDBwj0QhSL7MQc7vIsISBG8VQ8+IDQxpfQA=="
    },
    "undici-types@8.9.0": {
      "integrity": "sha512-KTDyRTYX8sWmKXAikPHHSyc63CRPETMctyjKFupcC6OBLXT3xsN0e9aF7m+mIXutFWpUXuedtowG7iLOzp0kQg=="
    },
    "vue@3.5.43": {
      "integrity": "sha512-o5qZoksdnjIKvW1srZ3ab7pcDNYAerBjRe54D0LBLfRdCYFrSgBHVXokMas35czQc0//lmx4/tuY4ZNQ+Rf2Ng==",
      "dependencies": [
        "@vue/compiler-dom",
        "@vue/compiler-sfc",
        "@vue/runtime-dom",
        "@vue/server-renderer",
        "@vue/shared"
      ]
    },
    "whatwg-mimetype@3.0.0": {
      "integrity": "sha512-nt+N2dzIutVRxARx1nghPKGv1xHikU7HKdfafKkLNLindmPU/ch3U31NOCGGA/dmPcmb1VlofO0vnKAcsm0o/Q=="
    },
    "ws@8.21.3": {
      "integrity": "sha512-201TZ/kPWxoPr/OKWjquZR1SWKXcvxdH+e1xrx89b3YbmzLMFCLfnaG1HFIgWzJOEWZ7MvpK++odZufgYR50Rw=="
    }
  },
  "workspace": {
    "dependencies": [
      "jsr:@std/assert@^1.0.19",
      "jsr:@viviengraffin/translation-core@^2.0.2",
      "npm:@vue/runtime-core@^3.5.43",
      "npm:happy-dom@^20.14.5",
      "npm:vue@^3.5.43"
    ]
  }
}
